
Microsoft Visual Studio Solution File, Format Version 12.00
# Visual Studio 15
VisualStudioVersion = 15.0.28010.2048
MinimumVisualStudioVersion = 10.0.40219.1
Project("{2150E333-8FDC-42A3-9474-1A3956D46DE8}") = "src", "src", "{A599F25C-FC74-463B-A654-8D849942751C}"
EndProject
Project("{2150E333-8FDC-42A3-9474-1A3956D46DE8}") = "1 - Services", "1 - Services", "{0F036A22-9D5C-4429-BA08-84ACBCFA203A}"
EndProject
Project("{2150E333-8FDC-42A3-9474-1A3956D46DE8}") = "2 - Application", "2 - Application", "{46D4EED8-BBDA-4B7A-9EA7-BA6A17A480FA}"
EndProject
Project("{2150E333-8FDC-42A3-9474-1A3956D46DE8}") = "3 - Domain", "3 - Domain", "{C2F48599-1C9E-4100-A296-1C000AE56381}"
EndProject
Project("{2150E333-8FDC-42A3-9474-1A3956D46DE8}") = "4 - Infra", "4 - Infra", "{EEA17627-B064-4110-AFB5-5B9A97FFCFAD}"
EndProject
Project("{2150E333-8FDC-42A3-9474-1A3956D46DE8}") = "4.1 - Data", "4.1 - Data", "{16A75F63-9750-4610-9041-D6F764132808}"
EndProject
Project("{2150E333-8FDC-42A3-9474-1A3956D46DE8}") = "4.2 - CrossCutting", "4.2 - CrossCutting", "{4D5D6007-7176-4C62-A045-86E839526D95}"
EndProject
Project("{2150E333-8FDC-42A3-9474-1A3956D46DE8}") = "test", "test", "{F169C3BD-DF36-4AA2-A5CB-E8B8DC12802A}"
EndProject
Project("{2150E333-8FDC-42A3-9474-1A3956D46DE8}") = "4 - Infra", "4 - Infra", "{ED124D84-1D0B-426C-BAAE-52825251CE86}"
EndProject
Project("{2150E333-8FDC-42A3-9474-1A3956D46DE8}") = "Repositorys", "Repositorys", "{3AA168DF-3AB5-4A2D-8B46-8563F592516D}"
EndProject
Project("{9A19103F-16F7-4668-BE54-9A1E7A4F7556}") = "Caprimulgidae.Infra.Data.Test", "test\Caprimulgidae.Infra.Data.Test\Caprimulgidae.Infra.Data.Test.csproj", "{A0BC1164-DC1B-40C7-BA37-738730280A2E}"
EndProject
Project("{9A19103F-16F7-4668-BE54-9A1E7A4F7556}") = "Caprimulgidae.Domain", "src\Caprimulgidae.Domain\Caprimulgidae.Domain.csproj", "{1B765B47-A7B8-4506-A821-C12656830131}"
EndProject
Project("{9A19103F-16F7-4668-BE54-9A1E7A4F7556}") = "Caprimulgidae.Infra.Data", "src\Caprimulgidae.Infra.Data\Caprimulgidae.Infra.Data.csproj", "{395750A6-C12D-4614-9068-06CEE329BA7A}"
EndProject
Project("{9A19103F-16F7-4668-BE54-9A1E7A4F7556}") = "Caprimulgidae.Infra.CrossCutting.Bus", "src\Caprimulgidae.Infra.CrossCutting.Bus\Caprimulgidae.Infra.CrossCutting.Bus.csproj", "{0E8FA05C-3E12-44EA-9D38-BDD12A389AE9}"
EndProject
Project("{9A19103F-16F7-4668-BE54-9A1E7A4F7556}") = "Caprimulgidae.Infra.CrossCutting.IoC", "src\Caprimulgidae.Infra.CrossCutting.IoC\Caprimulgidae.Infra.CrossCutting.IoC.csproj", "{9C861179-ACD7-4C50-9860-78B2944C41A0}"
EndProject
Project("{9A19103F-16F7-4668-BE54-9A1E7A4F7556}") = "Caprimulgidae.Application", "src\Caprimulgidae.Application\Caprimulgidae.Application.csproj", "{5159E920-CD07-4AB9-813B-64BBB030F8AE}"
EndProject
Project("{9A19103F-16F7-4668-BE54-9A1E7A4F7556}") = "Caprimulgidae.WebApi", "src\Caprimulgidae.WebApi\Caprimulgidae.WebApi.csproj", "{99D46228-BAD8-4B3E-86FF-CF4CAA32461B}"
EndProject
Global
	GlobalSection(SolutionConfigurationPlatforms) = preSolution
		Debug|Any CPU = Debug|Any CPU
		Release|Any CPU = Release|Any CPU
	EndGlobalSection
	GlobalSection(ProjectConfigurationPlatforms) = postSolution
		{A0BC1164-DC1B-40C7-BA37-738730280A2E}.Debug|Any CPU.ActiveCfg = Debug|Any CPU
		{A0BC1164-DC1B-40C7-BA37-738730280A2E}.Debug|Any CPU.Build.0 = Debug|Any CPU
		{A0BC1164-DC1B-40C7-BA37-738730280A2E}.Release|Any CPU.ActiveCfg = Release|Any CPU
		{A0BC1164-DC1B-40C7-BA37-738730280A2E}.Release|Any CPU.Build.0 = Release|Any CPU
		{1B765B47-A7B8-4506-A821-C12656830131}.Debug|Any CPU.ActiveCfg = Debug|Any CPU
		{1B765B47-A7B8-4506-A821-C12656830131}.Debug|Any CPU.Build.0 = Debug|Any CPU
		{1B765B47-A7B8-4506-A821-C12656830131}.Release|Any CPU.ActiveCfg = Release|Any CPU
		{1B765B47-A7B8-4506-A821-C12656830131}.Release|Any CPU.Build.0 = Release|Any CPU
		{395750A6-C12D-4614-9068-06CEE329BA7A}.Debug|Any CPU.ActiveCfg = Debug|Any CPU
		{395750A6-C12D-4614-9068-06CEE329BA7A}.Debug|Any CPU.Build.0 = Debug|Any CPU
		{395750A6-C12D-4614-9068-06CEE329BA7A}.Release|Any CPU.ActiveCfg = Release|Any CPU
		{395750A6-C12D-4614-9068-06CEE329BA7A}.Release|Any CPU.Build.0 = Release|Any CPU
		{0E8FA05C-3E12-44EA-9D38-BDD12A389AE9}.Debug|Any CPU.ActiveCfg = Debug|Any CPU
		{0E8FA05C-3E12-44EA-9D38-BDD12A389AE9}.Debug|Any CPU.Build.0 = Debug|Any CPU
		{0E8FA05C-3E12-44EA-9D38-BDD12A389AE9}.Release|Any CPU.ActiveCfg = Release|Any CPU
		{0E8FA05C-3E12-44EA-9D38-BDD12A389AE9}.Release|Any CPU.Build.0 = Release|Any CPU
		{9C861179-ACD7-4C50-9860-78B2944C41A0}.Debug|Any CPU.ActiveCfg = Debug|Any CPU
		{9C861179-ACD7-4C50-9860-78B2944C41A0}.Debug|Any CPU.Build.0 = Debug|Any CPU
		{9C861179-ACD7-4C50-9860-78B2944C41A0}.Release|Any CPU.ActiveCfg = Release|Any CPU
		{9C861179-ACD7-4C50-9860-78B2944C41A0}.Release|Any CPU.Build.0 = Release|Any CPU
		{5159E920-CD07-4AB9-813B-64BBB030F8AE}.Debug|Any CPU.ActiveCfg = Debug|Any CPU
		{5159E920-CD07-4AB9-813B-64BBB030F8AE}.Debug|Any CPU.Build.0 = Debug|Any CPU
		{5159E920-CD07-4AB9-813B-64BBB030F8AE}.Release|Any CPU.ActiveCfg = Release|Any CPU
		{5159E920-CD07-4AB9-813B-64BBB030F8AE}.Release|Any CPU.Build.0 = Release|Any CPU
		{99D46228-BAD8-4B3E-86FF-CF4CAA32461B}.Debug|Any CPU.ActiveCfg = Debug|Any CPU
		{99D46228-BAD8-4B3E-86FF-CF4CAA32461B}.Debug|Any CPU.Build.0 = Debug|Any CPU
		{99D46228-BAD8-4B3E-86FF-CF4CAA32461B}.Release|Any CPU.ActiveCfg = Release|Any CPU
		{99D46228-BAD8-4B3E-86FF-CF4CAA32461B}.Release|Any CPU.Build.0 = Release|Any CPU
	EndGlobalSection
	GlobalSection(SolutionProperties) = preSolution
		HideSolutionNode = FALSE
	EndGlobalSection
	GlobalSection(NestedProjects) = preSolution
		{0F036A22-9D5C-4429-BA08-84ACBCFA203A} = {A599F25C-FC74-463B-A654-8D849942751C}
		{46D4EED8-BBDA-4B7A-9EA7-BA6A17A480FA} = {A599F25C-FC74-463B-A654-8D849942751C}
		{C2F48599-1C9E-4100-A296-1C000AE56381} = {A599F25C-FC74-463B-A654-8D849942751C}
		{EEA17627-B064-4110-AFB5-5B9A97FFCFAD} = {A599F25C-FC74-463B-A654-8D849942751C}
		{16A75F63-9750-4610-9041-D6F764132808} = {EEA17627-B064-4110-AFB5-5B9A97FFCFAD}
		{4D5D6007-7176-4C62-A045-86E839526D95} = {EEA17627-B064-4110-AFB5-5B9A97FFCFAD}
		{ED124D84-1D0B-426C-BAAE-52825251CE86} = {F169C3BD-DF36-4AA2-A5CB-E8B8DC12802A}
		{3AA168DF-3AB5-4A2D-8B46-8563F592516D} = {ED124D84-1D0B-426C-BAAE-52825251CE86}
		{A0BC1164-DC1B-40C7-BA37-738730280A2E} = {3AA168DF-3AB5-4A2D-8B46-8563F592516D}
		{1B765B47-A7B8-4506-A821-C12656830131} = {C2F48599-1C9E-4100-A296-1C000AE56381}
		{395750A6-C12D-4614-9068-06CEE329BA7A} = {16A75F63-9750-4610-9041-D6F764132808}
		{0E8FA05C-3E12-44EA-9D38-BDD12A389AE9} = {4D5D6007-7176-4C62-A045-86E839526D95}
		{9C861179-ACD7-4C50-9860-78B2944C41A0} = {4D5D6007-7176-4C62-A045-86E839526D95}
		{5159E920-CD07-4AB9-813B-64BBB030F8AE} = {46D4EED8-BBDA-4B7A-9EA7-BA6A17A480FA}
		{99D46228-BAD8-4B3E-86FF-CF4CAA32461B} = {0F036A22-9D5C-4429-BA08-84ACBCFA203A}
	EndGlobalSection
	GlobalSection(ExtensibilityGlobals) = postSolution
		SolutionGuid = {A60A838E-F97A-4F87-A43D-1C73E23E437E}
	EndGlobalSection
EndGlobal
